
Microsoft Visual Studio Solution File, Format Version 12.00
# Visual Studio Version 16
VisualStudioVersion = 16.0.31727.386
MinimumVisualStudioVersion = 10.0.40219.1
Project("{FAE04EC0-301F-11D3-BF4B-00C04F79EFBC}") = "BT2_DiemDanh_26_4", "BT2_DiemDanh_26_4\BT2_DiemDanh_26_4.csproj", "{0DA5D39A-941C-4FDC-9529-4DAFF6AB82FB}"
EndProject
Global
	GlobalSection(SolutionConfigurationPlatforms) = preSolution
		Debug|Any CPU = Debug|Any CPU
		Release|Any CPU = Release|Any CPU
	EndGlobalSection
	GlobalSection(ProjectConfigurationPlatforms) = postSolution
		{0DA5D39A-941C-4FDC-9529-4DAFF6AB82FB}.Debug|Any CPU.ActiveCfg = Debug|Any CPU
		{0DA5D39A-941C-4FDC-9529-4DAFF6AB82FB}.Debug|Any CPU.Build.0 = Debug|Any CPU
		{0DA5D39A-941C-4FDC-9529-4DAFF6AB82FB}.Release|Any CPU.ActiveCfg = Release|Any CPU
		{0DA5D39A-941C-4FDC-9529-4DAFF6AB82FB}.Release|Any CPU.Build.0 = Release|Any CPU
	EndGlobalSection
	GlobalSection(SolutionProperties) = preSolution
		HideSolutionNode = FALSE
	EndGlobalSection
	GlobalSection(ExtensibilityGlobals) = postSolution
		SolutionGuid = {71E0077C-413E-486C-A0B9-42BFAC7DBFAD}
	EndGlobalSection
EndGlobal
